// !$*UTF8*$!
{
	archiveVersion = 1;
	classes = {
	};
	objectVersion = 46;
	objects = {

/* Begin PBXBuildFile section */
		1B838888139D716C004ED098 /* AVFoundation.framework in Frameworks */ = {isa = PBXBuildFile; fileRef = 1B838887139D716C004ED098 /* AVFoundation.framework */; };
		1B83888B139D717E004ED098 /* CoreMedia.framework in Frameworks */ = {isa = PBXBuildFile; fileRef = 1B83888A139D717E004ED098 /* CoreMedia.framework */; };
		1BB2E861139D5E1900749B68 /* Cocoa.framework in Frameworks */ = {isa = PBXBuildFile; fileRef = 1BB2E860139D5E1900749B68 /* Cocoa.framework */; };
		1BB2E86B139D5E1900749B68 /* InfoPlist.strings in Resources */ = {isa = PBXBuildFile; fileRef = 1BB2E869139D5E1900749B68 /* InfoPlist.strings */; };
		1BB2E86D139D5E1900749B68 /* main.m in Sources */ = {isa = PBXBuildFile; fileRef = 1BB2E86C139D5E1900749B68 /* main.m */; };
		1BB2E874139D5E1900749B68 /* LuciabloDocument.m in Sources */ = {isa = PBXBuildFile; fileRef = 1BB2E873139D5E1900749B68 /* LuciabloDocument.m */; };
		1BB2E877139D5E1900749B68 /* LuciabloDocument.xib in Resources */ = {isa = PBXBuildFile; fileRef = 1BB2E875139D5E1900749B68 /* LuciabloDocument.xib */; };
		1BB2E87A139D5E1A00749B68 /* MainMenu.xib in Resources */ = {isa = PBXBuildFile; fileRef = 1BB2E878139D5E1A00749B68 /* MainMenu.xib */; };
		577FDE8E1C939762006F44CF /* DiabloBot.m in Sources */ = {isa = PBXBuildFile; fileRef = 577FDE8D1C939762006F44CF /* DiabloBot.m */; };
		577FDE911C939EF9006F44CF /* CapturePreviewView.m in Sources */ = {isa = PBXBuildFile; fileRef = 577FDE901C939EF9006F44CF /* CapturePreviewView.m */; };
		577FDE931C93A6FC006F44CF /* QuartzCore.framework in Frameworks */ = {isa = PBXBuildFile; fileRef = 577FDE921C93A6FC006F44CF /* QuartzCore.framework */; };
		577FDE961C93ABDE006F44CF /* MouseClicker.m in Sources */ = {isa = PBXBuildFile; fileRef = 577FDE951C93ABDE006F44CF /* MouseClicker.m */; };
		577FDE9E1C9512D3006F44CF /* PropCoords.m in Sources */ = {isa = PBXBuildFile; fileRef = 577FDE9D1C9512D3006F44CF /* PropCoords.m */; };
		57EA83311C934DCE00B207A3 /* OpenCVOutput.mm in Sources */ = {isa = PBXBuildFile; fileRef = 57EA83301C934DCE00B207A3 /* OpenCVOutput.mm */; };
		57EA83421C934FCE00B207A3 /* libopencv_calib3d.3.1.0.dylib in Frameworks */ = {isa = PBXBuildFile; fileRef = 57EA83321C934FCE00B207A3 /* libopencv_calib3d.3.1.0.dylib */; };
		57EA83431C934FCE00B207A3 /* libopencv_features2d.3.1.0.dylib in Frameworks */ = {isa = PBXBuildFile; fileRef = 57EA83331C934FCE00B207A3 /* libopencv_features2d.3.1.0.dylib */; };
		57EA83441C934FCE00B207A3 /* libopencv_highgui.3.1.0.dylib in Frameworks */ = {isa = PBXBuildFile; fileRef = 57EA83341C934FCE00B207A3 /* libopencv_highgui.3.1.0.dylib */; };
		57EA83451C934FCE00B207A3 /* libopencv_imgcodecs.3.1.0.dylib in Frameworks */ = {isa = PBXBuildFile; fileRef = 57EA83351C934FCE00B207A3 /* libopencv_imgcodecs.3.1.0.dylib */; };
		57EA83461C934FCE00B207A3 /* libopencv_objdetect.3.1.0.dylib in Frameworks */ = {isa = PBXBuildFile; fileRef = 57EA83361C934FCE00B207A3 /* libopencv_objdetect.3.1.0.dylib */; };
		57EA83471C934FCE00B207A3 /* libopencv_shape.3.1.0.dylib in Frameworks */ = {isa = PBXBuildFile; fileRef = 57EA83371C934FCE00B207A3 /* libopencv_shape.3.1.0.dylib */; };
		57EA83481C934FCE00B207A3 /* libopencv_stitching.3.1.0.dylib in Frameworks */ = {isa = PBXBuildFile; fileRef = 57EA83381C934FCE00B207A3 /* libopencv_stitching.3.1.0.dylib */; };
		57EA83491C934FCE00B207A3 /* libopencv_superres.3.1.0.dylib in Frameworks */ = {isa = PBXBuildFile; fileRef = 57EA83391C934FCE00B207A3 /* libopencv_superres.3.1.0.dylib */; };
		57EA834A1C934FCE00B207A3 /* libopencv_videoio.3.1.0.dylib in Frameworks */ = {isa = PBXBuildFile; fileRef = 57EA833A1C934FCE00B207A3 /* libopencv_videoio.3.1.0.dylib */; };
		57EA834B1C934FCE00B207A3 /* libopencv_videostab.3.1.0.dylib in Frameworks */ = {isa = PBXBuildFile; fileRef = 57EA833B1C934FCE00B207A3 /* libopencv_videostab.3.1.0.dylib */; };
		57EA834C1C934FCE00B207A3 /* libopencv_core.3.1.0.dylib in Frameworks */ = {isa = PBXBuildFile; fileRef = 57EA833C1C934FCE00B207A3 /* libopencv_core.3.1.0.dylib */; };
		57EA834D1C934FCE00B207A3 /* libopencv_flann.3.1.0.dylib in Frameworks */ = {isa = PBXBuildFile; fileRef = 57EA833D1C934FCE00B207A3 /* libopencv_flann.3.1.0.dylib */; };
		57EA834E1C934FCE00B207A3 /* libopencv_imgproc.3.1.0.dylib in Frameworks */ = {isa = PBXBuildFile; fileRef = 57EA833E1C934FCE00B207A3 /* libopencv_imgproc.3.1.0.dylib */; };
		57EA834F1C934FCE00B207A3 /* libopencv_ml.3.1.0.dylib in Frameworks */ = {isa = PBXBuildFile; fileRef = 57EA833F1C934FCE00B207A3 /* libopencv_ml.3.1.0.dylib */; };
		57EA83501C934FCE00B207A3 /* libopencv_photo.3.1.0.dylib in Frameworks */ = {isa = PBXBuildFile; fileRef = 57EA83401C934FCE00B207A3 /* libopencv_photo.3.1.0.dylib */; };
		57EA83511C934FCE00B207A3 /* libopencv_video.3.1.0.dylib in Frameworks */ = {isa = PBXBuildFile; fileRef = 57EA83411C934FCE00B207A3 /* libopencv_video.3.1.0.dylib */; };
		E4C76D334EAB872E6AC7ECDE /* libPods.a in Frameworks */ = {isa = PBXBuildFile; fileRef = E8F5EA9FD61436B3B83CFD13 /* libPods.a */; };
/* End PBXBuildFile section */

/* Begin PBXFileReference section */
		1B838887139D716C004ED098 /* AVFoundation.framework */ = {isa = PBXFileReference; lastKnownFileType = wrapper.framework; name = AVFoundation.framework; path = System/Library/Frameworks/AVFoundation.framework; sourceTree = SDKROOT; };
		1B83888A139D717E004ED098 /* CoreMedia.framework */ = {isa = PBXFileReference; lastKnownFileType = wrapper.framework; name = CoreMedia.framework; path = System/Library/Frameworks/CoreMedia.framework; sourceTree = SDKROOT; };
		1BB2E85C139D5E1900749B68 /* Luciablo.app */ = {isa = PBXFileReference; explicitFileType = wrapper.application; includeInIndex = 0; path = Luciablo.app; sourceTree = BUILT_PRODUCTS_DIR; };
		1BB2E860139D5E1900749B68 /* Cocoa.framework */ = {isa = PBXFileReference; lastKnownFileType = wrapper.framework; name = Cocoa.framework; path = System/Library/Frameworks/Cocoa.framework; sourceTree = SDKROOT; };
		1BB2E863139D5E1900749B68 /* AppKit.framework */ = {isa = PBXFileReference; lastKnownFileType = wrapper.framework; name = AppKit.framework; path = System/Library/Frameworks/AppKit.framework; sourceTree = SDKROOT; };
		1BB2E865139D5E1900749B68 /* Foundation.framework */ = {isa = PBXFileReference; lastKnownFileType = wrapper.framework; name = Foundation.framework; path = System/Library/Frameworks/Foundation.framework; sourceTree = SDKROOT; };
		1BB2E868139D5E1900749B68 /* Luciablo-Info.plist */ = {isa = PBXFileReference; lastKnownFileType = text.plist.xml; path = "Luciablo-Info.plist"; sourceTree = "<group>"; };
		1BB2E86A139D5E1900749B68 /* en */ = {isa = PBXFileReference; lastKnownFileType = text.plist.strings; name = en; path = en.lproj/InfoPlist.strings; sourceTree = "<group>"; };
		1BB2E86C139D5E1900749B68 /* main.m */ = {isa = PBXFileReference; lastKnownFileType = sourcecode.c.objc; path = main.m; sourceTree = "<group>"; };
		1BB2E86E139D5E1900749B68 /* Luciablo-Prefix.pch */ = {isa = PBXFileReference; lastKnownFileType = sourcecode.c.h; path = "Luciablo-Prefix.pch"; sourceTree = "<group>"; };
		1BB2E872139D5E1900749B68 /* LuciabloDocument.h */ = {isa = PBXFileReference; lastKnownFileType = sourcecode.c.h; path = LuciabloDocument.h; sourceTree = "<group>"; };
		1BB2E873139D5E1900749B68 /* LuciabloDocument.m */ = {isa = PBXFileReference; lastKnownFileType = sourcecode.c.objc; path = LuciabloDocument.m; sourceTree = "<group>"; };
		1BB2E876139D5E1900749B68 /* en */ = {isa = PBXFileReference; lastKnownFileType = file.xib; name = en; path = en.lproj/LuciabloDocument.xib; sourceTree = "<group>"; };
		1BB2E879139D5E1A00749B68 /* en */ = {isa = PBXFileReference; lastKnownFileType = file.xib; name = en; path = en.lproj/MainMenu.xib; sourceTree = "<group>"; };
		577FDE8C1C939762006F44CF /* DiabloBot.h */ = {isa = PBXFileReference; fileEncoding = 4; lastKnownFileType = sourcecode.c.h; path = DiabloBot.h; sourceTree = "<group>"; };
		577FDE8D1C939762006F44CF /* DiabloBot.m */ = {isa = PBXFileReference; fileEncoding = 4; lastKnownFileType = sourcecode.c.objc; path = DiabloBot.m; sourceTree = "<group>"; };
		577FDE8F1C939EF9006F44CF /* CapturePreviewView.h */ = {isa = PBXFileReference; fileEncoding = 4; lastKnownFileType = sourcecode.c.h; path = CapturePreviewView.h; sourceTree = "<group>"; };
		577FDE901C939EF9006F44CF /* CapturePreviewView.m */ = {isa = PBXFileReference; fileEncoding = 4; lastKnownFileType = sourcecode.c.objc; path = CapturePreviewView.m; sourceTree = "<group>"; };
		577FDE921C93A6FC006F44CF /* QuartzCore.framework */ = {isa = PBXFileReference; lastKnownFileType = wrapper.framework; name = QuartzCore.framework; path = System/Library/Frameworks/QuartzCore.framework; sourceTree = SDKROOT; };
		577FDE941C93ABDE006F44CF /* MouseClicker.h */ = {isa = PBXFileReference; fileEncoding = 4; lastKnownFileType = sourcecode.c.h; path = MouseClicker.h; sourceTree = "<group>"; };
		577FDE951C93ABDE006F44CF /* MouseClicker.m */ = {isa = PBXFileReference; fileEncoding = 4; lastKnownFileType = sourcecode.c.objc; path = MouseClicker.m; sourceTree = "<group>"; };
		577FDE9C1C9512D3006F44CF /* PropCoords.h */ = {isa = PBXFileReference; fileEncoding = 4; lastKnownFileType = sourcecode.c.h; path = PropCoords.h; sourceTree = "<group>"; };
		577FDE9D1C9512D3006F44CF /* PropCoords.m */ = {isa = PBXFileReference; fileEncoding = 4; lastKnownFileType = sourcecode.c.objc; path = PropCoords.m; sourceTree = "<group>"; };
		57EA832F1C934DCE00B207A3 /* OpenCVOutput.h */ = {isa = PBXFileReference; fileEncoding = 4; lastKnownFileType = sourcecode.c.h; path = OpenCVOutput.h; sourceTree = "<group>"; };
		57EA83301C934DCE00B207A3 /* OpenCVOutput.mm */ = {isa = PBXFileReference; fileEncoding = 4; lastKnownFileType = sourcecode.cpp.objcpp; path = OpenCVOutput.mm; sourceTree = "<group>"; };
		57EA83321C934FCE00B207A3 /* libopencv_calib3d.3.1.0.dylib */ = {isa = PBXFileReference; lastKnownFileType = "compiled.mach-o.dylib"; name = libopencv_calib3d.3.1.0.dylib; path = ../../../../usr/local/lib/libopencv_calib3d.3.1.0.dylib; sourceTree = "<group>"; };
		57EA83331C934FCE00B207A3 /* libopencv_features2d.3.1.0.dylib */ = {isa = PBXFileReference; lastKnownFileType = "compiled.mach-o.dylib"; name = libopencv_features2d.3.1.0.dylib; path = ../../../../usr/local/lib/libopencv_features2d.3.1.0.dylib; sourceTree = "<group>"; };
		57EA83341C934FCE00B207A3 /* libopencv_highgui.3.1.0.dylib */ = {isa = PBXFileReference; lastKnownFileType = "compiled.mach-o.dylib"; name = libopencv_highgui.3.1.0.dylib; path = ../../../../usr/local/lib/libopencv_highgui.3.1.0.dylib; sourceTree = "<group>"; };
		57EA83351C934FCE00B207A3 /* libopencv_imgcodecs.3.1.0.dylib */ = {isa = PBXFileReference; lastKnownFileType = "compiled.mach-o.dylib"; name = libopencv_imgcodecs.3.1.0.dylib; path = ../../../../usr/local/lib/libopencv_imgcodecs.3.1.0.dylib; sourceTree = "<group>"; };
		57EA83361C934FCE00B207A3 /* libopencv_objdetect.3.1.0.dylib */ = {isa = PBXFileReference; lastKnownFileType = "compiled.mach-o.dylib"; name = libopencv_objdetect.3.1.0.dylib; path = ../../../../usr/local/lib/libopencv_objdetect.3.1.0.dylib; sourceTree = "<group>"; };
		57EA83371C934FCE00B207A3 /* libopencv_shape.3.1.0.dylib */ = {isa = PBXFileReference; lastKnownFileType = "compiled.mach-o.dylib"; name = libopencv_shape.3.1.0.dylib; path = ../../../../usr/local/lib/libopencv_shape.3.1.0.dylib; sourceTree = "<group>"; };
		57EA83381C934FCE00B207A3 /* libopencv_stitching.3.1.0.dylib */ = {isa = PBXFileReference; lastKnownFileType = "compiled.mach-o.dylib"; name = libopencv_stitching.3.1.0.dylib; path = ../../../../usr/local/lib/libopencv_stitching.3.1.0.dylib; sourceTree = "<group>"; };
		57EA83391C934FCE00B207A3 /* libopencv_superres.3.1.0.dylib */ = {isa = PBXFileReference; lastKnownFileType = "compiled.mach-o.dylib"; name = libopencv_superres.3.1.0.dylib; path = ../../../../usr/local/lib/libopencv_superres.3.1.0.dylib; sourceTree = "<group>"; };
		57EA833A1C934FCE00B207A3 /* libopencv_videoio.3.1.0.dylib */ = {isa = PBXFileReference; lastKnownFileType = "compiled.mach-o.dylib"; name = libopencv_videoio.3.1.0.dylib; path = ../../../../usr/local/lib/libopencv_videoio.3.1.0.dylib; sourceTree = "<group>"; };
		57EA833B1C934FCE00B207A3 /* libopencv_videostab.3.1.0.dylib */ = {isa = PBXFileReference; lastKnownFileType = "compiled.mach-o.dylib"; name = libopencv_videostab.3.1.0.dylib; path = ../../../../usr/local/lib/libopencv_videostab.3.1.0.dylib; sourceTree = "<group>"; };
		57EA833C1C934FCE00B207A3 /* libopencv_core.3.1.0.dylib */ = {isa = PBXFileReference; lastKnownFileType = "compiled.mach-o.dylib"; name = libopencv_core.3.1.0.dylib; path = ../../../../usr/local/lib/libopencv_core.3.1.0.dylib; sourceTree = "<group>"; };
		57EA833D1C934FCE00B207A3 /* libopencv_flann.3.1.0.dylib */ = {isa = PBXFileReference; lastKnownFileType = "compiled.mach-o.dylib"; name = libopencv_flann.3.1.0.dylib; path = ../../../../usr/local/lib/libopencv_flann.3.1.0.dylib; sourceTree = "<group>"; };
		57EA833E1C934FCE00B207A3 /* libopencv_imgproc.3.1.0.dylib */ = {isa = PBXFileReference; lastKnownFileType = "compiled.mach-o.dylib"; name = libopencv_imgproc.3.1.0.dylib; path = ../../../../usr/local/lib/libopencv_imgproc.3.1.0.dylib; sourceTree = "<group>"; };
		57EA833F1C934FCE00B207A3 /* libopencv_ml.3.1.0.dylib */ = {isa = PBXFileReference; lastKnownFileType = "compiled.mach-o.dylib"; name = libopencv_ml.3.1.0.dylib; path = ../../../../usr/local/lib/libopencv_ml.3.1.0.dylib; sourceTree = "<group>"; };
		57EA83401C934FCE00B207A3 /* libopencv_photo.3.1.0.dylib */ = {isa = PBXFileReference; lastKnownFileType = "compiled.mach-o.dylib"; name = libopencv_photo.3.1.0.dylib; path = ../../../../usr/local/lib/libopencv_photo.3.1.0.dylib; sourceTree = "<group>"; };
		57EA83411C934FCE00B207A3 /* libopencv_video.3.1.0.dylib */ = {isa = PBXFileReference; lastKnownFileType = "compiled.mach-o.dylib"; name = libopencv_video.3.1.0.dylib; path = ../../../../usr/local/lib/libopencv_video.3.1.0.dylib; sourceTree = "<group>"; };
		99A44FEFF7A206556FEDA5E8 /* Pods.release.xcconfig */ = {isa = PBXFileReference; includeInIndex = 1; lastKnownFileType = text.xcconfig; name = Pods.release.xcconfig; path = "Pods/Target Support Files/Pods/Pods.release.xcconfig"; sourceTree = "<group>"; };
		9FCABCCBF7EAA10F2A9AE825 /* Pods.debug.xcconfig */ = {isa = PBXFileReference; includeInIndex = 1; lastKnownFileType = text.xcconfig; name = Pods.debug.xcconfig; path = "Pods/Target Support Files/Pods/Pods.debug.xcconfig"; sourceTree = "<group>"; };
		E8F5EA9FD61436B3B83CFD13 /* libPods.a */ = {isa = PBXFileReference; explicitFileType = archive.ar; includeInIndex = 0; path = libPods.a; sourceTree = BUILT_PRODUCTS_DIR; };
/* End PBXFileReference section */

/* Begin PBXFrameworksBuildPhase section */
		1BB2E859139D5E1900749B68 /* Frameworks */ = {
			isa = PBXFrameworksBuildPhase;
			buildActionMask = 2147483647;
			files = (
				577FDE931C93A6FC006F44CF /* QuartzCore.framework in Frameworks */,
				57EA83421C934FCE00B207A3 /* libopencv_calib3d.3.1.0.dylib in Frameworks */,
				57EA83431C934FCE00B207A3 /* libopencv_features2d.3.1.0.dylib in Frameworks */,
				57EA83441C934FCE00B207A3 /* libopencv_highgui.3.1.0.dylib in Frameworks */,
				57EA83451C934FCE00B207A3 /* libopencv_imgcodecs.3.1.0.dylib in Frameworks */,
				57EA83461C934FCE00B207A3 /* libopencv_objdetect.3.1.0.dylib in Frameworks */,
				57EA83471C934FCE00B207A3 /* libopencv_shape.3.1.0.dylib in Frameworks */,
				57EA83481C934FCE00B207A3 /* libopencv_stitching.3.1.0.dylib in Frameworks */,
				57EA83491C934FCE00B207A3 /* libopencv_superres.3.1.0.dylib in Frameworks */,
				57EA834A1C934FCE00B207A3 /* libopencv_videoio.3.1.0.dylib in Frameworks */,
				57EA834B1C934FCE00B207A3 /* libopencv_videostab.3.1.0.dylib in Frameworks */,
				57EA834C1C934FCE00B207A3 /* libopencv_core.3.1.0.dylib in Frameworks */,
				57EA834D1C934FCE00B207A3 /* libopencv_flann.3.1.0.dylib in Frameworks */,
				57EA834E1C934FCE00B207A3 /* libopencv_imgproc.3.1.0.dylib in Frameworks */,
				57EA834F1C934FCE00B207A3 /* libopencv_ml.3.1.0.dylib in Frameworks */,
				57EA83501C934FCE00B207A3 /* libopencv_photo.3.1.0.dylib in Frameworks */,
				57EA83511C934FCE00B207A3 /* libopencv_video.3.1.0.dylib in Frameworks */,
				1B83888B139D717E004ED098 /* CoreMedia.framework in Frameworks */,
				1B838888139D716C004ED098 /* AVFoundation.framework in Frameworks */,
				1BB2E861139D5E1900749B68 /* Cocoa.framework in Frameworks */,
				E4C76D334EAB872E6AC7ECDE /* libPods.a in Frameworks */,
			);
			runOnlyForDeploymentPostprocessing = 0;
		};
/* End PBXFrameworksBuildPhase section */

/* Begin PBXGroup section */
		1BB2E851139D5E1700749B68 = {
			isa = PBXGroup;
			children = (
				1BB2E866139D5E1900749B68 /* Luciablo */,
				1BB2E85F139D5E1900749B68 /* Frameworks */,
				1BB2E85D139D5E1900749B68 /* Products */,
				85DCEFA13E34B2A8B59886E0 /* Pods */,
			);
			sourceTree = "<group>";
		};
		1BB2E85D139D5E1900749B68 /* Products */ = {
			isa = PBXGroup;
			children = (
				1BB2E85C139D5E1900749B68 /* Luciablo.app */,
			);
			name = Products;
			sourceTree = "<group>";
		};
		1BB2E85F139D5E1900749B68 /* Frameworks */ = {
			isa = PBXGroup;
			children = (
				577FDE921C93A6FC006F44CF /* QuartzCore.framework */,
				57EA83321C934FCE00B207A3 /* libopencv_calib3d.3.1.0.dylib */,
				57EA83331C934FCE00B207A3 /* libopencv_features2d.3.1.0.dylib */,
				57EA83341C934FCE00B207A3 /* libopencv_highgui.3.1.0.dylib */,
				57EA83351C934FCE00B207A3 /* libopencv_imgcodecs.3.1.0.dylib */,
				57EA83361C934FCE00B207A3 /* libopencv_objdetect.3.1.0.dylib */,
				57EA83371C934FCE00B207A3 /* libopencv_shape.3.1.0.dylib */,
				57EA83381C934FCE00B207A3 /* libopencv_stitching.3.1.0.dylib */,
				57EA83391C934FCE00B207A3 /* libopencv_superres.3.1.0.dylib */,
				57EA833A1C934FCE00B207A3 /* libopencv_videoio.3.1.0.dylib */,
				57EA833B1C934FCE00B207A3 /* libopencv_videostab.3.1.0.dylib */,
				57EA833C1C934FCE00B207A3 /* libopencv_core.3.1.0.dylib */,
				57EA833D1C934FCE00B207A3 /* libopencv_flann.3.1.0.dylib */,
				57EA833E1C934FCE00B207A3 /* libopencv_imgproc.3.1.0.dylib */,
				57EA833F1C934FCE00B207A3 /* libopencv_ml.3.1.0.dylib */,
				57EA83401C934FCE00B207A3 /* libopencv_photo.3.1.0.dylib */,
				57EA83411C934FCE00B207A3 /* libopencv_video.3.1.0.dylib */,
				1BB2E860139D5E1900749B68 /* Cocoa.framework */,
				1B83888A139D717E004ED098 /* CoreMedia.framework */,
				1B838887139D716C004ED098 /* AVFoundation.framework */,
				1BB2E862139D5E1900749B68 /* Other Frameworks */,
				E8F5EA9FD61436B3B83CFD13 /* libPods.a */,
			);
			name = Frameworks;
			sourceTree = "<group>";
		};
		1BB2E862139D5E1900749B68 /* Other Frameworks */ = {
			isa = PBXGroup;
			children = (
				1BB2E863139D5E1900749B68 /* AppKit.framework */,
				1BB2E865139D5E1900749B68 /* Foundation.framework */,
			);
			name = "Other Frameworks";
			sourceTree = "<group>";
		};
		1BB2E866139D5E1900749B68 /* Luciablo */ = {
			isa = PBXGroup;
			children = (
				1BB2E872139D5E1900749B68 /* LuciabloDocument.h */,
				1BB2E873139D5E1900749B68 /* LuciabloDocument.m */,
				1BB2E875139D5E1900749B68 /* LuciabloDocument.xib */,
				1BB2E878139D5E1A00749B68 /* MainMenu.xib */,
				1BB2E867139D5E1900749B68 /* Supporting Files */,
				57EA832F1C934DCE00B207A3 /* OpenCVOutput.h */,
				57EA83301C934DCE00B207A3 /* OpenCVOutput.mm */,
				577FDE8C1C939762006F44CF /* DiabloBot.h */,
				577FDE8D1C939762006F44CF /* DiabloBot.m */,
				577FDE8F1C939EF9006F44CF /* CapturePreviewView.h */,
				577FDE901C939EF9006F44CF /* CapturePreviewView.m */,
				577FDE941C93ABDE006F44CF /* MouseClicker.h */,
				577FDE951C93ABDE006F44CF /* MouseClicker.m */,
				577FDE9C1C9512D3006F44CF /* PropCoords.h */,
				577FDE9D1C9512D3006F44CF /* PropCoords.m */,
			);
			path = Luciablo;
			sourceTree = "<group>";
		};
		1BB2E867139D5E1900749B68 /* Supporting Files */ = {
			isa = PBXGroup;
			children = (
				1BB2E868139D5E1900749B68 /* Luciablo-Info.plist */,
				1BB2E869139D5E1900749B68 /* InfoPlist.strings */,
				1BB2E86C139D5E1900749B68 /* main.m */,
				1BB2E86E139D5E1900749B68 /* Luciablo-Prefix.pch */,
			);
			name = "Supporting Files";
			sourceTree = "<group>";
		};
		85DCEFA13E34B2A8B59886E0 /* Pods */ = {
			isa = PBXGroup;
			children = (
				9FCABCCBF7EAA10F2A9AE825 /* Pods.debug.xcconfig */,
				99A44FEFF7A206556FEDA5E8 /* Pods.release.xcconfig */,
			);
			name = Pods;
			sourceTree = "<group>";
		};
/* End PBXGroup section */

/* Begin PBXNativeTarget section */
		1BB2E85B139D5E1900749B68 /* Luciablo */ = {
			isa = PBXNativeTarget;
			buildConfigurationList = 1BB2E87D139D5E1A00749B68 /* Build configuration list for PBXNativeTarget "Luciablo" */;
			buildPhases = (
				892B8BE9D61F6C8D34819A56 /* Check Pods Manifest.lock */,
				1BB2E858139D5E1900749B68 /* Sources */,
				1BB2E859139D5E1900749B68 /* Frameworks */,
				1BB2E85A139D5E1900749B68 /* Resources */,
				E179EFA9D7B14452F6A8AC7A /* Embed Pods Frameworks */,
				D11B4E95C5E91AC54E0F4865 /* Copy Pods Resources */,
			);
			buildRules = (
			);
			dependencies = (
			);
			name = Luciablo;
			productName = AVScreenShack;
			productReference = 1BB2E85C139D5E1900749B68 /* Luciablo.app */;
			productType = "com.apple.product-type.application";
		};
/* End PBXNativeTarget section */

/* Begin PBXProject section */
		1BB2E853139D5E1700749B68 /* Project object */ = {
			isa = PBXProject;
			attributes = {
				LastUpgradeCheck = 0510;
			};
			buildConfigurationList = 1BB2E856139D5E1700749B68 /* Build configuration list for PBXProject "Luciablo" */;
			compatibilityVersion = "Xcode 3.2";
			developmentRegion = English;
			hasScannedForEncodings = 0;
			knownRegions = (
				en,
			);
			mainGroup = 1BB2E851139D5E1700749B68;
			productRefGroup = 1BB2E85D139D5E1900749B68 /* Products */;
			projectDirPath = "";
			projectRoot = "";
			targets = (
				1BB2E85B139D5E1900749B68 /* Luciablo */,
			);
		};
/* End PBXProject section */

/* Begin PBXResourcesBuildPhase section */
		1BB2E85A139D5E1900749B68 /* Resources */ = {
			isa = PBXResourcesBuildPhase;
			buildActionMask = 2147483647;
			files = (
				1BB2E86B139D5E1900749B68 /* InfoPlist.strings in Resources */,
				1BB2E877139D5E1900749B68 /* LuciabloDocument.xib in Resources */,
				1BB2E87A139D5E1A00749B68 /* MainMenu.xib in Resources */,
			);
			runOnlyForDeploymentPostprocessing = 0;
		};
/* End PBXResourcesBuildPhase section */

/* Begin PBXShellScriptBuildPhase section */
		892B8BE9D61F6C8D34819A56 /* Check Pods Manifest.lock */ = {
			isa = PBXShellScriptBuildPhase;
			buildActionMask = 2147483647;
			files = (
			);
			inputPaths = (
			);
			name = "Check Pods Manifest.lock";
			outputPaths = (
			);
			runOnlyForDeploymentPostprocessing = 0;
			shellPath = /bin/sh;
			shellScript = "diff \"${PODS_ROOT}/../Podfile.lock\" \"${PODS_ROOT}/Manifest.lock\" > /dev/null\nif [[ $? != 0 ]] ; then\n    cat << EOM\nerror: The sandbox is not in sync with the Podfile.lock. Run 'pod install' or update your CocoaPods installation.\nEOM\n    exit 1\nfi\n";
			showEnvVarsInLog = 0;
		};
		D11B4E95C5E91AC54E0F4865 /* Copy Pods Resources */ = {
			isa = PBXShellScriptBuildPhase;
			buildActionMask = 2147483647;
			files = (
			);
			inputPaths = (
			);
			name = "Copy Pods Resources";
			outputPaths = (
			);
			runOnlyForDeploymentPostprocessing = 0;
			shellPath = /bin/sh;
			shellScript = "\"${SRCROOT}/Pods/Target Support Files/Pods/Pods-resources.sh\"\n";
			showEnvVarsInLog = 0;
		};
		E179EFA9D7B14452F6A8AC7A /* Embed Pods Frameworks */ = {
			isa = PBXShellScriptBuildPhase;
			buildActionMask = 2147483647;
			files = (
			);
			inputPaths = (
			);
			name = "Embed Pods Frameworks";
			outputPaths = (
			);
			runOnlyForDeploymentPostprocessing = 0;
			shellPath = /bin/sh;
			shellScript = "\"${SRCROOT}/Pods/Target Support Files/Pods/Pods-frameworks.sh\"\n";
			showEnvVarsInLog = 0;
		};
/* End PBXShellScriptBuildPhase section */

/* Begin PBXSourcesBuildPhase section */
		1BB2E858139D5E1900749B68 /* Sources */ = {
			isa = PBXSourcesBuildPhase;
			buildActionMask = 2147483647;
			files = (
				577FDE961C93ABDE006F44CF /* MouseClicker.m in Sources */,
				577FDE911C939EF9006F44CF /* CapturePreviewView.m in Sources */,
				577FDE9E1C9512D3006F44CF /* PropCoords.m in Sources */,
				1BB2E86D139D5E1900749B68 /* main.m in Sources */,
				57EA83311C934DCE00B207A3 /* OpenCVOutput.mm in Sources */,
				1BB2E874139D5E1900749B68 /* LuciabloDocument.m in Sources */,
				577FDE8E1C939762006F44CF /* DiabloBot.m in Sources */,
			);
			runOnlyForDeploymentPostprocessing = 0;
		};
/* End PBXSourcesBuildPhase section */

/* Begin PBXVariantGroup section */
		1BB2E869139D5E1900749B68 /* InfoPlist.strings */ = {
			isa = PBXVariantGroup;
			children = (
				1BB2E86A139D5E1900749B68 /* en */,
			);
			name = InfoPlist.strings;
			sourceTree = "<group>";
		};
		1BB2E875139D5E1900749B68 /* LuciabloDocument.xib */ = {
			isa = PBXVariantGroup;
			children = (
				1BB2E876139D5E1900749B68 /* en */,
			);
			name = LuciabloDocument.xib;
			sourceTree = "<group>";
		};
		1BB2E878139D5E1A00749B68 /* MainMenu.xib */ = {
			isa = PBXVariantGroup;
			children = (
				1BB2E879139D5E1A00749B68 /* en */,
			);
			name = MainMenu.xib;
			sourceTree = "<group>";
		};
/* End PBXVariantGroup section */

/* Begin XCBuildConfiguration section */
		1BB2E87B139D5E1A00749B68 /* Debug */ = {
			isa = XCBuildConfiguration;
			buildSettings = {
				ALWAYS_SEARCH_USER_PATHS = NO;
				CLANG_ENABLE_OBJC_ARC = YES;
				CLANG_WARN_BOOL_CONVERSION = YES;
				CLANG_WARN_CONSTANT_CONVERSION = YES;
				CLANG_WARN_EMPTY_BODY = YES;
				CLANG_WARN_ENUM_CONVERSION = YES;
				CLANG_WARN_INT_CONVERSION = YES;
				CLANG_WARN__DUPLICATE_METHOD_MATCH = YES;
				COMBINE_HIDPI_IMAGES = YES;
				COPY_PHASE_STRIP = NO;
				GCC_C_LANGUAGE_STANDARD = gnu99;
				GCC_DYNAMIC_NO_PIC = NO;
				GCC_ENABLE_OBJC_EXCEPTIONS = YES;
				GCC_OPTIMIZATION_LEVEL = 0;
				GCC_PREPROCESSOR_DEFINITIONS = (
					"DEBUG=1",
					"$(inherited)",
				);
				GCC_SYMBOLS_PRIVATE_EXTERN = NO;
				GCC_VERSION = com.apple.compilers.llvm.clang.1_0;
				GCC_WARN_64_TO_32_BIT_CONVERSION = YES;
				GCC_WARN_ABOUT_MISSING_PROTOTYPES = YES;
				GCC_WARN_ABOUT_RETURN_TYPE = YES;
				GCC_WARN_INITIALIZER_NOT_FULLY_BRACKETED = YES;
				GCC_WARN_SHADOW = YES;
				GCC_WARN_SIGN_COMPARE = YES;
				GCC_WARN_UNDECLARED_SELECTOR = YES;
				GCC_WARN_UNINITIALIZED_AUTOS = YES;
				GCC_WARN_UNUSED_FUNCTION = YES;
				GCC_WARN_UNUSED_LABEL = YES;
				GCC_WARN_UNUSED_VARIABLE = YES;
				MACOSX_DEPLOYMENT_TARGET = 10.7;
				ONLY_ACTIVE_ARCH = YES;
				SDKROOT = macosx;
			};
			name = Debug;
		};
		1BB2E87C139D5E1A00749B68 /* Release */ = {
			isa = XCBuildConfiguration;
			buildSettings = {
				ALWAYS_SEARCH_USER_PATHS = NO;
				CLANG_ENABLE_OBJC_ARC = YES;
				CLANG_WARN_BOOL_CONVERSION = YES;
				CLANG_WARN_CONSTANT_CONVERSION = YES;
				CLANG_WARN_EMPTY_BODY = YES;
				CLANG_WARN_ENUM_CONVERSION = YES;
				CLANG_WARN_INT_CONVERSION = YES;
				CLANG_WARN__DUPLICATE_METHOD_MATCH = YES;
				COMBINE_HIDPI_IMAGES = YES;
				COPY_PHASE_STRIP = YES;
				DEBUG_INFORMATION_FORMAT = "dwarf-with-dsym";
				GCC_C_LANGUAGE_STANDARD = gnu99;
				GCC_ENABLE_OBJC_EXCEPTIONS = YES;
				GCC_VERSION = com.apple.compilers.llvm.clang.1_0;
				GCC_WARN_64_TO_32_BIT_CONVERSION = YES;
				GCC_WARN_ABOUT_MISSING_PROTOTYPES = YES;
				GCC_WARN_ABOUT_RETURN_TYPE = YES;
				GCC_WARN_INITIALIZER_NOT_FULLY_BRACKETED = YES;
				GCC_WARN_SHADOW = YES;
				GCC_WARN_SIGN_COMPARE = YES;
				GCC_WARN_UNDECLARED_SELECTOR = YES;
				GCC_WARN_UNINITIALIZED_AUTOS = YES;
				GCC_WARN_UNUSED_FUNCTION = YES;
				GCC_WARN_UNUSED_LABEL = YES;
				GCC_WARN_UNUSED_VARIABLE = YES;
				MACOSX_DEPLOYMENT_TARGET = 10.7;
				SDKROOT = macosx;
			};
			name = Release;
		};
		1BB2E87E139D5E1A00749B68 /* Debug */ = {
			isa = XCBuildConfiguration;
			baseConfigurationReference = 9FCABCCBF7EAA10F2A9AE825 /* Pods.debug.xcconfig */;
			buildSettings = {
				CLANG_ENABLE_OBJC_ARC = YES;
				GCC_PRECOMPILE_PREFIX_HEADER = YES;
				GCC_PREFIX_HEADER = "Luciablo/Luciablo-Prefix.pch";
				HEADER_SEARCH_PATHS = /usr/local/include;
				INFOPLIST_FILE = "Luciablo/Luciablo-Info.plist";
				LIBRARY_SEARCH_PATHS = /usr/local/lib;
				MACOSX_DEPLOYMENT_TARGET = 10.11;
				PRODUCT_NAME = Luciablo;
				WRAPPER_EXTENSION = app;
			};
			name = Debug;
		};
		1BB2E87F139D5E1A00749B68 /* Release */ = {
			isa = XCBuildConfiguration;
			baseConfigurationReference = 99A44FEFF7A206556FEDA5E8 /* Pods.release.xcconfig */;
			buildSettings = {
				CLANG_ENABLE_OBJC_ARC = YES;
				GCC_PRECOMPILE_PREFIX_HEADER = YES;
				GCC_PREFIX_HEADER = "Luciablo/Luciablo-Prefix.pch";
				HEADER_SEARCH_PATHS = /usr/local/include;
				INFOPLIST_FILE = "Luciablo/Luciablo-Info.plist";
				LIBRARY_SEARCH_PATHS = /usr/local/lib;
				MACOSX_DEPLOYMENT_TARGET = 10.11;
				PRODUCT_NAME = Luciablo;
				WRAPPER_EXTENSION = app;
			};
			name = Release;
		};
/* End XCBuildConfiguration section */

/* Begin XCConfigurationList section */
		1BB2E856139D5E1700749B68 /* Build configuration list for PBXProject "Luciablo" */ = {
			isa = XCConfigurationList;
			buildConfigurations = (
				1BB2E87B139D5E1A00749B68 /* Debug */,
				1BB2E87C139D5E1A00749B68 /* Release */,
			);
			defaultConfigurationIsVisible = 0;
			defaultConfigurationName = Release;
		};
		1BB2E87D139D5E1A00749B68 /* Build configuration list for PBXNativeTarget "Luciablo" */ = {
			isa = XCConfigurationList;
			buildConfigurations = (
				1BB2E87E139D5E1A00749B68 /* Debug */,
				1BB2E87F139D5E1A00749B68 /* Release */,
			);
			defaultConfigurationIsVisible = 0;
			defaultConfigurationName = Release;
		};
/* End XCConfigurationList section */
	};
	rootObject = 1BB2E853139D5E1700749B68 /* Project object */;
}
